// !$*UTF8*$!
{
	archiveVersion = 1;
	classes = {
	};
	objectVersion = 50;
	objects = {

/* Begin PBXBuildFile section */
		141E0C9326A8E2BD00F5EFC8 /* AutoLevelingApp.swift in Sources */ = {isa = PBXBuildFile; fileRef = 141E0C9226A8E2BD00F5EFC8 /* AutoLevelingApp.swift */; };
		141E0C9526A8E2BD00F5EFC8 /* ContentView.swift in Sources */ = {isa = PBXBuildFile; fileRef = 141E0C9426A8E2BD00F5EFC8 /* ContentView.swift */; };
		141E0C9726A8E2BE00F5EFC8 /* Assets.xcassets in Resources */ = {isa = PBXBuildFile; fileRef = 141E0C9626A8E2BE00F5EFC8 /* Assets.xcassets */; };
		141E0C9A26A8E2BE00F5EFC8 /* Preview Assets.xcassets in Resources */ = {isa = PBXBuildFile; fileRef = 141E0C9926A8E2BE00F5EFC8 /* Preview Assets.xcassets */; };
		1470562E26A954BB00F0BE7C /* RecordView.swift in Sources */ = {isa = PBXBuildFile; fileRef = 1470562D26A954BB00F0BE7C /* RecordView.swift */; };
		1470563026A96FD300F0BE7C /* Recorder.swift in Sources */ = {isa = PBXBuildFile; fileRef = 1470562F26A96FD300F0BE7C /* Recorder.swift */; };
		1470563226A9702100F0BE7C /* AudioPlayer.swift in Sources */ = {isa = PBXBuildFile; fileRef = 1470563126A9702100F0BE7C /* AudioPlayer.swift */; };
		1470563426A9751E00F0BE7C /* AudioAnalyst.swift in Sources */ = {isa = PBXBuildFile; fileRef = 1470563326A9751E00F0BE7C /* AudioAnalyst.swift */; };
		1488AF2626AAFEBE00392854 /* README.md in Resources */ = {isa = PBXBuildFile; fileRef = 1488AF2526AAFEBE00392854 /* README.md */; };
/* End PBXBuildFile section */

/* Begin PBXFileReference section */
		141E0C8F26A8E2BD00F5EFC8 /* AutoLeveling.app */ = {isa = PBXFileReference; explicitFileType = wrapper.application; includeInIndex = 0; path = AutoLeveling.app; sourceTree = BUILT_PRODUCTS_DIR; };
		141E0C9226A8E2BD00F5EFC8 /* AutoLevelingApp.swift */ = {isa = PBXFileReference; lastKnownFileType = sourcecode.swift; path = AutoLevelingApp.swift; sourceTree = "<group>"; };
		141E0C9426A8E2BD00F5EFC8 /* ContentView.swift */ = {isa = PBXFileReference; lastKnownFileType = sourcecode.swift; path = ContentView.swift; sourceTree = "<group>"; };
		141E0C9626A8E2BE00F5EFC8 /* Assets.xcassets */ = {isa = PBXFileReference; lastKnownFileType = folder.assetcatalog; path = Assets.xcassets; sourceTree = "<group>"; };
		141E0C9926A8E2BE00F5EFC8 /* Preview Assets.xcassets */ = {isa = PBXFileReference; lastKnownFileType = folder.assetcatalog; path = "Preview Assets.xcassets"; sourceTree = "<group>"; };
		141E0C9B26A8E2BE00F5EFC8 /* Info.plist */ = {isa = PBXFileReference; lastKnownFileType = text.plist.xml; path = Info.plist; sourceTree = "<group>"; };
		1470562D26A954BB00F0BE7C /* RecordView.swift */ = {isa = PBXFileReference; lastKnownFileType = sourcecode.swift; path = RecordView.swift; sourceTree = "<group>"; };
		1470562F26A96FD300F0BE7C /* Recorder.swift */ = {isa = PBXFileReference; lastKnownFileType = sourcecode.swift; path = Recorder.swift; sourceTree = "<group>"; };
		1470563126A9702100F0BE7C /* AudioPlayer.swift */ = {isa = PBXFileReference; lastKnownFileType = sourcecode.swift; path = AudioPlayer.swift; sourceTree = "<group>"; };
		1470563326A9751E00F0BE7C /* AudioAnalyst.swift */ = {isa = PBXFileReference; lastKnownFileType = sourcecode.swift; path = AudioAnalyst.swift; sourceTree = "<group>"; };
		1488AF2526AAFEBE00392854 /* README.md */ = {isa = PBXFileReference; fileEncoding = 4; lastKnownFileType = net.daringfireball.markdown; path = README.md; sourceTree = "<group>"; };
/* End PBXFileReference section */

/* Begin PBXFrameworksBuildPhase section */
		141E0C8C26A8E2BD00F5EFC8 /* Frameworks */ = {
			isa = PBXFrameworksBuildPhase;
			buildActionMask = 2147483647;
			files = (
			);
			runOnlyForDeploymentPostprocessing = 0;
		};
/* End PBXFrameworksBuildPhase section */

/* Begin PBXGroup section */
		141E0C8626A8E2BD00F5EFC8 = {
			isa = PBXGroup;
			children = (
				1488AF2526AAFEBE00392854 /* README.md */,
				141E0C9126A8E2BD00F5EFC8 /* AutoLeveling */,
				141E0C9026A8E2BD00F5EFC8 /* Products */,
			);
			sourceTree = "<group>";
		};
		141E0C9026A8E2BD00F5EFC8 /* Products */ = {
			isa = PBXGroup;
			children = (
				141E0C8F26A8E2BD00F5EFC8 /* AutoLeveling.app */,
			);
			name = Products;
			sourceTree = "<group>";
		};
		141E0C9126A8E2BD00F5EFC8 /* AutoLeveling */ = {
			isa = PBXGroup;
			children = (
				141E0C9226A8E2BD00F5EFC8 /* AutoLevelingApp.swift */,
				141E0C9426A8E2BD00F5EFC8 /* ContentView.swift */,
				1470562D26A954BB00F0BE7C /* RecordView.swift */,
				1470562F26A96FD300F0BE7C /* Recorder.swift */,
				1470563326A9751E00F0BE7C /* AudioAnalyst.swift */,
				1470563126A9702100F0BE7C /* AudioPlayer.swift */,
				141E0C9626A8E2BE00F5EFC8 /* Assets.xcassets */,
				141E0C9B26A8E2BE00F5EFC8 /* Info.plist */,
				141E0C9826A8E2BE00F5EFC8 /* Preview Content */,
			);
			path = AutoLeveling;
			sourceTree = "<group>";
		};
		141E0C9826A8E2BE00F5EFC8 /* Preview Content */ = {
			isa = PBXGroup;
			children = (
				141E0C9926A8E2BE00F5EFC8 /* Preview Assets.xcassets */,
			);
			path = "Preview Content";
			sourceTree = "<group>";
		};
/* End PBXGroup section */

/* Begin PBXNativeTarget section */
		141E0C8E26A8E2BD00F5EFC8 /* AutoLeveling */ = {
			isa = PBXNativeTarget;
			buildConfigurationList = 141E0C9E26A8E2BE00F5EFC8 /* Build configuration list for PBXNativeTarget "AutoLeveling" */;
			buildPhases = (
				141E0C8B26A8E2BD00F5EFC8 /* Sources */,
				141E0C8C26A8E2BD00F5EFC8 /* Frameworks */,
				141E0C8D26A8E2BD00F5EFC8 /* Resources */,
			);
			buildRules = (
			);
			dependencies = (
			);
			name = AutoLeveling;
			productName = AutoLeveling;
			productReference = 141E0C8F26A8E2BD00F5EFC8 /* AutoLeveling.app */;
			productType = "com.apple.product-type.application";
		};
/* End PBXNativeTarget section */

/* Begin PBXProject section */
		141E0C8726A8E2BD00F5EFC8 /* Project object */ = {
			isa = PBXProject;
			attributes = {
				LastSwiftUpdateCheck = 1250;
				LastUpgradeCheck = 1250;
				TargetAttributes = {
					141E0C8E26A8E2BD00F5EFC8 = {
						CreatedOnToolsVersion = 12.5;
					};
				};
			};
			buildConfigurationList = 141E0C8A26A8E2BD00F5EFC8 /* Build configuration list for PBXProject "AutoLeveling" */;
			compatibilityVersion = "Xcode 9.3";
			developmentRegion = en;
			hasScannedForEncodings = 0;
			knownRegions = (
				en,
				Base,
			);
			mainGroup = 141E0C8626A8E2BD00F5EFC8;
			productRefGroup = 141E0C9026A8E2BD00F5EFC8 /* Products */;
			projectDirPath = "";
			projectRoot = "";
			targets = (
				141E0C8E26A8E2BD00F5EFC8 /* AutoLeveling */,
			);
		};
/* End PBXProject section */

/* Begin PBXResourcesBuildPhase section */
		141E0C8D26A8E2BD00F5EFC8 /* Resources */ = {
			isa = PBXResourcesBuildPhase;
			buildActionMask = 2147483647;
			files = (
				1488AF2626AAFEBE00392854 /* README.md in Resources */,
				141E0C9A26A8E2BE00F5EFC8 /* Preview Assets.xcassets in Resources */,
				141E0C9726A8E2BE00F5EFC8 /* Assets.xcassets in Resources */,
			);
			runOnlyForDeploymentPostprocessing = 0;
		};
/* End PBXResourcesBuildPhase section */

/* Begin PBXSourcesBuildPhase section */
		141E0C8B26A8E2BD00F5EFC8 /* Sources */ = {
			isa = PBXSourcesBuildPhase;
			buildActionMask = 2147483647;
			files = (
				141E0C9526A8E2BD00F5EFC8 /* ContentView.swift in Sources */,
				1470562E26A954BB00F0BE7C /* RecordView.swift in Sources */,
				1470563226A9702100F0BE7C /* AudioPlayer.swift in Sources */,
				141E0C9326A8E2BD00F5EFC8 /* AutoLevelingApp.swift in Sources */,
				1470563026A96FD300F0BE7C /* Recorder.swift in Sources */,
				1470563426A9751E00F0BE7C /* AudioAnalyst.swift in Sources */,
			);
			runOnlyForDeploymentPostprocessing = 0;
		};
/* End PBXSourcesBuildPhase section */

/* Begin XCBuildConfiguration section */
		141E0C9C26A8E2BE00F5EFC8 /* Debug */ = {
			isa = XCBuildConfiguration;
			buildSettings = {
				ALWAYS_SEARCH_USER_PATHS = NO;
				CLANG_ANALYZER_NONNULL = YES;
				CLANG_ANALYZER_NUMBER_OBJECT_CONVERSION = YES_AGGRESSIVE;
				CLANG_CXX_LANGUAGE_STANDARD = "gnu++14";
				CLANG_CXX_LIBRARY = "libc++";
				CLANG_ENABLE_MODULES = YES;
				CLANG_ENABLE_OBJC_ARC = YES;
				CLANG_ENABLE_OBJC_WEAK = YES;
				CLANG_WARN_BLOCK_CAPTURE_AUTORELEASING = YES;
				CLANG_WARN_BOOL_CONVERSION = YES;
				CLANG_WARN_COMMA = YES;
				CLANG_WARN_CONSTANT_CONVERSION = YES;
				CLANG_WARN_DEPRECATED_OBJC_IMPLEMENTATIONS = YES;
				CLANG_WARN_DIRECT_OBJC_ISA_USAGE = YES_ERROR;
				CLANG_WARN_DOCUMENTATION_COMMENTS = YES;
				CLANG_WARN_EMPTY_BODY = YES;
				CLANG_WARN_ENUM_CONVERSION = YES;
				CLANG_WARN_INFINITE_RECURSION = YES;
				CLANG_WARN_INT_CONVERSION = YES;
				CLANG_WARN_NON_LITERAL_NULL_CONVERSION = YES;
				CLANG_WARN_OBJC_IMPLICIT_RETAIN_SELF = YES;
				CLANG_WARN_OBJC_LITERAL_CONVERSION = YES;
				CLANG_WARN_OBJC_ROOT_CLASS = YES_ERROR;
				CLANG_WARN_QUOTED_INCLUDE_IN_FRAMEWORK_HEADER = YES;
				CLANG_WARN_RANGE_LOOP_ANALYSIS = YES;
				CLANG_WARN_STRICT_PROTOTYPES = YES;
				CLANG_WARN_SUSPICIOUS_MOVE = YES;
				CLANG_WARN_UNGUARDED_AVAILABILITY = YES_AGGRESSIVE;
				CLANG_WARN_UNREACHABLE_CODE = YES;
				CLANG_WARN__DUPLICATE_METHOD_MATCH = YES;
				COPY_PHASE_STRIP = NO;
				DEBUG_INFORMATION_FORMAT = dwarf;
				ENABLE_STRICT_OBJC_MSGSEND = YES;
				ENABLE_TESTABILITY = YES;
				GCC_C_LANGUAGE_STANDARD = gnu11;
				GCC_DYNAMIC_NO_PIC = NO;
				GCC_NO_COMMON_BLOCKS = YES;
				GCC_OPTIMIZATION_LEVEL = 0;
				GCC_PREPROCESSOR_DEFINITIONS = (
					"DEBUG=1",
					"$(inherited)",
				);
				GCC_WARN_64_TO_32_BIT_CONVERSION = YES;
				GCC_WARN_ABOUT_RETURN_TYPE = YES_ERROR;
				GCC_WARN_UNDECLARED_SELECTOR = YES;
				GCC_WARN_UNINITIALIZED_AUTOS = YES_AGGRESSIVE;
				GCC_WARN_UNUSED_FUNCTION = YES;
				GCC_WARN_UNUSED_VARIABLE = YES;
				IPHONEOS_DEPLOYMENT_TARGET = 14.5;
				MTL_ENABLE_DEBUG_INFO = INCLUDE_SOURCE;
				MTL_FAST_MATH = YES;
				ONLY_ACTIVE_ARCH = YES;
				SDKROOT = iphoneos;
				SWIFT_ACTIVE_COMPILATION_CONDITIONS = DEBUG;
				SWIFT_OPTIMIZATION_LEVEL = "-Onone";
			};
			name = Debug;
		};
		141E0C9D26A8E2BE00F5EFC8 /* Release */ = {
			isa = XCBuildConfiguration;
			buildSettings = {
				ALWAYS_SEARCH_USER_PATHS = NO;
				CLANG_ANALYZER_NONNULL = YES;
				CLANG_ANALYZER_NUMBER_OBJECT_CONVERSION = YES_AGGRESSIVE;
				CLANG_CXX_LANGUAGE_STANDARD = "gnu++14";
				CLANG_CXX_LIBRARY = "libc++";
				CLANG_ENABLE_MODULES = YES;
				CLANG_ENABLE_OBJC_ARC = YES;
				CLANG_ENABLE_OBJC_WEAK = YES;
				CLANG_WARN_BLOCK_CAPTURE_AUTORELEASING = YES;
				CLANG_WARN_BOOL_CONVERSION = YES;
				CLANG_WARN_COMMA = YES;
				CLANG_WARN_CONSTANT_CONVERSION = YES;
				CLANG_WARN_DEPRECATED_OBJC_IMPLEMENTATIONS = YES;
				CLANG_WARN_DIRECT_OBJC_ISA_USAGE = YES_ERROR;
				CLANG_WARN_DOCUMENTATION_COMMENTS = YES;
				CLANG_WARN_EMPTY_BODY = YES;
				CLANG_WARN_ENUM_CONVERSION = YES;
				CLANG_WARN_INFINITE_RECURSION = YES;
				CLANG_WARN_INT_CONVERSION = YES;
				CLANG_WARN_NON_LITERAL_NULL_CONVERSION = YES;
				CLANG_WARN_OBJC_IMPLICIT_RETAIN_SELF = YES;
				CLANG_WARN_OBJC_LITERAL_CONVERSION = YES;
				CLANG_WARN_OBJC_ROOT_CLASS = YES_ERROR;
				CLANG_WARN_QUOTED_INCLUDE_IN_FRAMEWORK_HEADER = YES;
				CLANG_WARN_RANGE_LOOP_ANALYSIS = YES;
				CLANG_WARN_STRICT_PROTOTYPES = YES;
				CLANG_WARN_SUSPICIOUS_MOVE = YES;
				CLANG_WARN_UNGUARDED_AVAILABILITY = YES_AGGRESSIVE;
				CLANG_WARN_UNREACHABLE_CODE = YES;
				CLANG_WARN__DUPLICATE_METHOD_MATCH = YES;
				COPY_PHASE_STRIP = NO;
				DEBUG_INFORMATION_FORMAT = "dwarf-with-dsym";
				ENABLE_NS_ASSERTIONS = NO;
				ENABLE_STRICT_OBJC_MSGSEND = YES;
				GCC_C_LANGUAGE_STANDARD = gnu11;
				GCC_NO_COMMON_BLOCKS = YES;
				GCC_WARN_64_TO_32_BIT_CONVERSION = YES;
				GCC_WARN_ABOUT_RETURN_TYPE = YES_ERROR;
				GCC_WARN_UNDECLARED_SELECTOR = YES;
				GCC_WARN_UNINITIALIZED_AUTOS = YES_AGGRESSIVE;
				GCC_WARN_UNUSED_FUNCTION = YES;
				GCC_WARN_UNUSED_VARIABLE = YES;
				IPHONEOS_DEPLOYMENT_TARGET = 14.5;
				MTL_ENABLE_DEBUG_INFO = NO;
				MTL_FAST_MATH = YES;
				SDKROOT = iphoneos;
				SWIFT_COMPILATION_MODE = wholemodule;
				SWIFT_OPTIMIZATION_LEVEL = "-O";
				VALIDATE_PRODUCT = YES;
			};
			name = Release;
		};
		141E0C9F26A8E2BE00F5EFC8 /* Debug */ = {
			isa = XCBuildConfiguration;
			buildSettings = {
				ASSETCATALOG_COMPILER_APPICON_NAME = AppIcon;
				ASSETCATALOG_COMPILER_GLOBAL_ACCENT_COLOR_NAME = AccentColor;
				CODE_SIGN_STYLE = Automatic;
				DEVELOPMENT_ASSET_PATHS = "\"AutoLeveling/Preview Content\"";
				DEVELOPMENT_TEAM = HZ49Z976A9;
				ENABLE_PREVIEWS = YES;
				INFOPLIST_FILE = AutoLeveling/Info.plist;
				IPHONEOS_DEPLOYMENT_TARGET = 14.5;
				LD_RUNPATH_SEARCH_PATHS = (
					"$(inherited)",
					"@executable_path/Frameworks",
				);
				PRODUCT_BUNDLE_IDENTIFIER = com.dengli.AutoLeveling;
				PRODUCT_NAME = "$(TARGET_NAME)";
				SWIFT_VERSION = 5.0;
				TARGETED_DEVICE_FAMILY = 1;
			};
			name = Debug;
		};
		141E0CA026A8E2BE00F5EFC8 /* Release */ = {
			isa = XCBuildConfiguration;
			buildSettings = {
				ASSETCATALOG_COMPILER_APPICON_NAME = AppIcon;
				ASSETCATALOG_COMPILER_GLOBAL_ACCENT_COLOR_NAME = AccentColor;
				CODE_SIGN_STYLE = Automatic;
				DEVELOPMENT_ASSET_PATHS = "\"AutoLeveling/Preview Content\"";
				DEVELOPMENT_TEAM = HZ49Z976A9;
				ENABLE_PREVIEWS = YES;
				INFOPLIST_FILE = AutoLeveling/Info.plist;
				IPHONEOS_DEPLOYMENT_TARGET = 14.5;
				LD_RUNPATH_SEARCH_PATHS = (
					"$(inherited)",
					"@executable_path/Frameworks",
				);
				PRODUCT_BUNDLE_IDENTIFIER = com.dengli.AutoLeveling;
				PRODUCT_NAME = "$(TARGET_NAME)";
				SWIFT_VERSION = 5.0;
				TARGETED_DEVICE_FAMILY = 1;
			};
			name = Release;
		};
/* End XCBuildConfiguration section */

/* Begin XCConfigurationList section */
		141E0C8A26A8E2BD00F5EFC8 /* Build configuration list for PBXProject "AutoLeveling" */ = {
			isa = XCConfigurationList;
			buildConfigurations = (
				141E0C9C26A8E2BE00F5EFC8 /* Debug */,
				141E0C9D26A8E2BE00F5EFC8 /* Release */,
			);
			defaultConfigurationIsVisible = 0;
			defaultConfigurationName = Release;
		};
		141E0C9E26A8E2BE00F5EFC8 /* Build configuration list for PBXNativeTarget "AutoLeveling" */ = {
			isa = XCConfigurationList;
			buildConfigurations = (
				141E0C9F26A8E2BE00F5EFC8 /* Debug */,
				141E0CA026A8E2BE00F5EFC8 /* Release */,
			);
			defaultConfigurationIsVisible = 0;
			defaultConfigurationName = Release;
		};
/* End XCConfigurationList section */
	};
	rootObject = 141E0C8726A8E2BD00F5EFC8 /* Project object */;
}
